
Microsoft Visual Studio Solution File, Format Version 12.00
# Visual Studio Version 17
VisualStudioVersion = 17.0.31903.59
MinimumVisualStudioVersion = 10.0.40219.1
Project("{2150E333-8FDC-42A3-9474-1A3956D46DE8}") = "src", "src", "{827E0CD3-B72D-47B6-A68D-7590B98EB39B}"
EndProject
Project("{FAE04EC0-301F-11D3-BF4B-00C04F79EFBC}") = "Homework03", "src\Homework03\Homework03.csproj", "{1332F12E-4DB0-428B-8529-E988B63C1DC3}"
EndProject
Project("{FAE04EC0-301F-11D3-BF4B-00C04F79EFBC}") = "Homework04", "src\Homework04\Homework04.csproj", "{944C3AD0-D5C9-4B2C-BE7B-5219C399A6A7}"
EndProject
Project("{FAE04EC0-301F-11D3-BF4B-00C04F79EFBC}") = "Homework05", "src\Homework05\Homework05.csproj", "{612DFEC6-DD94-4BD2-9D83-34095074D019}"
EndProject
Project("{FAE04EC0-301F-11D3-BF4B-00C04F79EFBC}") = "Homework05Tests", "tests\Homework05Tests\Homework05Tests.csproj", "{08F29792-6013-43ED-BA8B-C584A091A6F9}"
EndProject
Project("{FAE04EC0-301F-11D3-BF4B-00C04F79EFBC}") = "Homework06", "src\Homework06\Homework06.csproj", "{13995242-6350-447C-AB66-FE4C6679D22C}"
EndProject
Global
	GlobalSection(SolutionConfigurationPlatforms) = preSolution
		Debug|Any CPU = Debug|Any CPU
		Debug|x64 = Debug|x64
		Debug|x86 = Debug|x86
		Release|Any CPU = Release|Any CPU
		Release|x64 = Release|x64
		Release|x86 = Release|x86
	EndGlobalSection
	GlobalSection(ProjectConfigurationPlatforms) = postSolution
		{1332F12E-4DB0-428B-8529-E988B63C1DC3}.Debug|Any CPU.ActiveCfg = Debug|Any CPU
		{1332F12E-4DB0-428B-8529-E988B63C1DC3}.Debug|Any CPU.Build.0 = Debug|Any CPU
		{1332F12E-4DB0-428B-8529-E988B63C1DC3}.Debug|x64.ActiveCfg = Debug|Any CPU
		{1332F12E-4DB0-428B-8529-E988B63C1DC3}.Debug|x64.Build.0 = Debug|Any CPU
		{1332F12E-4DB0-428B-8529-E988B63C1DC3}.Debug|x86.ActiveCfg = Debug|Any CPU
		{1332F12E-4DB0-428B-8529-E988B63C1DC3}.Debug|x86.Build.0 = Debug|Any CPU
		{1332F12E-4DB0-428B-8529-E988B63C1DC3}.Release|Any CPU.ActiveCfg = Release|Any CPU
		{1332F12E-4DB0-428B-8529-E988B63C1DC3}.Release|Any CPU.Build.0 = Release|Any CPU
		{1332F12E-4DB0-428B-8529-E988B63C1DC3}.Release|x64.ActiveCfg = Release|Any CPU
		{1332F12E-4DB0-428B-8529-E988B63C1DC3}.Release|x64.Build.0 = Release|Any CPU
		{1332F12E-4DB0-428B-8529-E988B63C1DC3}.Release|x86.ActiveCfg = Release|Any CPU
		{1332F12E-4DB0-428B-8529-E988B63C1DC3}.Release|x86.Build.0 = Release|Any CPU
		{944C3AD0-D5C9-4B2C-BE7B-5219C399A6A7}.Debug|Any CPU.ActiveCfg = Debug|Any CPU
		{944C3AD0-D5C9-4B2C-BE7B-5219C399A6A7}.Debug|Any CPU.Build.0 = Debug|Any CPU
		{944C3AD0-D5C9-4B2C-BE7B-5219C399A6A7}.Debug|x64.ActiveCfg = Debug|Any CPU
		{944C3AD0-D5C9-4B2C-BE7B-5219C399A6A7}.Debug|x64.Build.0 = Debug|Any CPU
		{944C3AD0-D5C9-4B2C-BE7B-5219C399A6A7}.Debug|x86.ActiveCfg = Debug|Any CPU
		{944C3AD0-D5C9-4B2C-BE7B-5219C399A6A7}.Debug|x86.Build.0 = Debug|Any CPU
		{944C3AD0-D5C9-4B2C-BE7B-5219C399A6A7}.Release|Any CPU.ActiveCfg = Release|Any CPU
		{944C3AD0-D5C9-4B2C-BE7B-5219C399A6A7}.Release|Any CPU.Build.0 = Release|Any CPU
		{944C3AD0-D5C9-4B2C-BE7B-5219C399A6A7}.Release|x64.ActiveCfg = Release|Any CPU
		{944C3AD0-D5C9-4B2C-BE7B-5219C399A6A7}.Release|x64.Build.0 = Release|Any CPU
		{944C3AD0-D5C9-4B2C-BE7B-5219C399A6A7}.Release|x86.ActiveCfg = Release|Any CPU
		{944C3AD0-D5C9-4B2C-BE7B-5219C399A6A7}.Release|x86.Build.0 = Release|Any CPU
		{612DFEC6-DD94-4BD2-9D83-34095074D019}.Debug|Any CPU.ActiveCfg = Debug|Any CPU
		{612DFEC6-DD94-4BD2-9D83-34095074D019}.Debug|Any CPU.Build.0 = Debug|Any CPU
		{612DFEC6-DD94-4BD2-9D83-34095074D019}.Debug|x64.ActiveCfg = Debug|Any CPU
		{612DFEC6-DD94-4BD2-9D83-34095074D019}.Debug|x64.Build.0 = Debug|Any CPU
		{612DFEC6-DD94-4BD2-9D83-34095074D019}.Debug|x86.ActiveCfg = Debug|Any CPU
		{612DFEC6-DD94-4BD2-9D83-34095074D019}.Debug|x86.Build.0 = Debug|Any CPU
		{612DFEC6-DD94-4BD2-9D83-34095074D019}.Release|Any CPU.ActiveCfg = Release|Any CPU
		{612DFEC6-DD94-4BD2-9D83-34095074D019}.Release|Any CPU.Build.0 = Release|Any CPU
		{612DFEC6-DD94-4BD2-9D83-34095074D019}.Release|x64.ActiveCfg = Release|Any CPU
		{612DFEC6-DD94-4BD2-9D83-34095074D019}.Release|x64.Build.0 = Release|Any CPU
		{612DFEC6-DD94-4BD2-9D83-34095074D019}.Release|x86.ActiveCfg = Release|Any CPU
		{612DFEC6-DD94-4BD2-9D83-34095074D019}.Release|x86.Build.0 = Release|Any CPU
		{08F29792-6013-43ED-BA8B-C584A091A6F9}.Debug|Any CPU.ActiveCfg = Debug|Any CPU
		{08F29792-6013-43ED-BA8B-C584A091A6F9}.Debug|Any CPU.Build.0 = Debug|Any CPU
		{08F29792-6013-43ED-BA8B-C584A091A6F9}.Debug|x64.ActiveCfg = Debug|Any CPU
		{08F29792-6013-43ED-BA8B-C584A091A6F9}.Debug|x64.Build.0 = Debug|Any CPU
		{08F29792-6013-43ED-BA8B-C584A091A6F9}.Debug|x86.ActiveCfg = Debug|Any CPU
		{08F29792-6013-43ED-BA8B-C584A091A6F9}.Debug|x86.Build.0 = Debug|Any CPU
		{08F29792-6013-43ED-BA8B-C584A091A6F9}.Release|Any CPU.ActiveCfg = Release|Any CPU
		{08F29792-6013-43ED-BA8B-C584A091A6F9}.Release|Any CPU.Build.0 = Release|Any CPU
		{08F29792-6013-43ED-BA8B-C584A091A6F9}.Release|x64.ActiveCfg = Release|Any CPU
		{08F29792-6013-43ED-BA8B-C584A091A6F9}.Release|x64.Build.0 = Release|Any CPU
		{08F29792-6013-43ED-BA8B-C584A091A6F9}.Release|x86.ActiveCfg = Release|Any CPU
		{08F29792-6013-43ED-BA8B-C584A091A6F9}.Release|x86.Build.0 = Release|Any CPU
		{13995242-6350-447C-AB66-FE4C6679D22C}.Debug|Any CPU.ActiveCfg = Debug|Any CPU
		{13995242-6350-447C-AB66-FE4C6679D22C}.Debug|Any CPU.Build.0 = Debug|Any CPU
		{13995242-6350-447C-AB66-FE4C6679D22C}.Debug|x64.ActiveCfg = Debug|Any CPU
		{13995242-6350-447C-AB66-FE4C6679D22C}.Debug|x64.Build.0 = Debug|Any CPU
		{13995242-6350-447C-AB66-FE4C6679D22C}.Debug|x86.ActiveCfg = Debug|Any CPU
		{13995242-6350-447C-AB66-FE4C6679D22C}.Debug|x86.Build.0 = Debug|Any CPU
		{13995242-6350-447C-AB66-FE4C6679D22C}.Release|Any CPU.ActiveCfg = Release|Any CPU
		{13995242-6350-447C-AB66-FE4C6679D22C}.Release|Any CPU.Build.0 = Release|Any CPU
		{13995242-6350-447C-AB66-FE4C6679D22C}.Release|x64.ActiveCfg = Release|Any CPU
		{13995242-6350-447C-AB66-FE4C6679D22C}.Release|x64.Build.0 = Release|Any CPU
		{13995242-6350-447C-AB66-FE4C6679D22C}.Release|x86.ActiveCfg = Release|Any CPU
		{13995242-6350-447C-AB66-FE4C6679D22C}.Release|x86.Build.0 = Release|Any CPU
	EndGlobalSection
	GlobalSection(SolutionProperties) = preSolution
		HideSolutionNode = FALSE
	EndGlobalSection
	GlobalSection(NestedProjects) = preSolution
		{1332F12E-4DB0-428B-8529-E988B63C1DC3} = {827E0CD3-B72D-47B6-A68D-7590B98EB39B}
		{944C3AD0-D5C9-4B2C-BE7B-5219C399A6A7} = {827E0CD3-B72D-47B6-A68D-7590B98EB39B}
		{612DFEC6-DD94-4BD2-9D83-34095074D019} = {827E0CD3-B72D-47B6-A68D-7590B98EB39B}
		{13995242-6350-447C-AB66-FE4C6679D22C} = {827E0CD3-B72D-47B6-A68D-7590B98EB39B}
	EndGlobalSection
EndGlobal
